
Microsoft Visual Studio Solution File, Format Version 9.00
# Visual Studio 2005
Project("{8BC9CEB8-8B4A-11D0-8D11-00A0C91BC942}") = "NetBeansExtension", "NetBeansExtension.vcproj", "{F7F7DE9B-FB39-4BA1-BA3A-3DA7D876188C}"
EndProject
Global
	GlobalSection(SolutionConfigurationPlatforms) = preSolution
		Debug|Win32 = Debug|Win32
		Release|Win32 = Release|Win32
	EndGlobalSection
	GlobalSection(ProjectConfigurationPlatforms) = postSolution
		{F7F7DE9B-FB39-4BA1-BA3A-3DA7D876188C}.Debug|Win32.ActiveCfg = Debug|Win32
		{F7F7DE9B-FB39-4BA1-BA3A-3DA7D876188C}.Debug|Win32.Build.0 = Debug|Win32
		{F7F7DE9B-FB39-4BA1-BA3A-3DA7D876188C}.Release|Win32.ActiveCfg = Release|Win32
		{F7F7DE9B-FB39-4BA1-BA3A-3DA7D876188C}.Release|Win32.Build.0 = Release|Win32
	EndGlobalSection
	GlobalSection(SolutionProperties) = preSolution
		HideSolutionNode = FALSE
	EndGlobalSection
EndGlobal
